
Microsoft Visual Studio Solution File, Format Version 12.00
# Visual Studio Version 16
VisualStudioVersion = 16.0.810.11
MinimumVisualStudioVersion = 10.0.40219.1
Project("{FAE04EC0-301F-11D3-BF4B-00C04F79EFBC}") = "AttendanceManagement", "AttendanceManagement\AttendanceManagement.csproj", "{19CD795D-983E-4946-A15B-10387BC0B6EC}"
EndProject
Global
	GlobalSection(SolutionConfigurationPlatforms) = preSolution
		Debug|Any CPU = Debug|Any CPU
		Release|Any CPU = Release|Any CPU
	EndGlobalSection
	GlobalSection(ProjectConfigurationPlatforms) = postSolution
		{19CD795D-983E-4946-A15B-10387BC0B6EC}.Debug|Any CPU.ActiveCfg = Debug|Any CPU
		{19CD795D-983E-4946-A15B-10387BC0B6EC}.Debug|Any CPU.Build.0 = Debug|Any CPU
		{19CD795D-983E-4946-A15B-10387BC0B6EC}.Release|Any CPU.ActiveCfg = Release|Any CPU
		{19CD795D-983E-4946-A15B-10387BC0B6EC}.Release|Any CPU.Build.0 = Release|Any CPU
	EndGlobalSection
	GlobalSection(SolutionProperties) = preSolution
		HideSolutionNode = FALSE
	EndGlobalSection
	GlobalSection(ExtensibilityGlobals) = postSolution
		SolutionGuid = {DE07C772-AF3B-48D8-9CBE-2CB47842A44E}
	EndGlobalSection
EndGlobal
