
Microsoft Visual Studio Solution File, Format Version 12.00
# Visual Studio Version 16
VisualStudioVersion = 16.0.810.11
MinimumVisualStudioVersion = 10.0.40219.1
Project("{FAE04EC0-301F-11D3-BF4B-00C04F79EFBC}") = "MvcMovie", "MvcMovie\MvcMovie.csproj", "{56151F45-D01B-40E6-929E-DF5F92D1039F}"
EndProject
Global
	GlobalSection(SolutionConfigurationPlatforms) = preSolution
		Debug|Any CPU = Debug|Any CPU
		Release|Any CPU = Release|Any CPU
	EndGlobalSection
	GlobalSection(ProjectConfigurationPlatforms) = postSolution
		{56151F45-D01B-40E6-929E-DF5F92D1039F}.Debug|Any CPU.ActiveCfg = Debug|Any CPU
		{56151F45-D01B-40E6-929E-DF5F92D1039F}.Debug|Any CPU.Build.0 = Debug|Any CPU
		{56151F45-D01B-40E6-929E-DF5F92D1039F}.Release|Any CPU.ActiveCfg = Release|Any CPU
		{56151F45-D01B-40E6-929E-DF5F92D1039F}.Release|Any CPU.Build.0 = Release|Any CPU
	EndGlobalSection
	GlobalSection(SolutionProperties) = preSolution
		HideSolutionNode = FALSE
	EndGlobalSection
	GlobalSection(ExtensibilityGlobals) = postSolution
		SolutionGuid = {023D55D8-213B-4F99-8F23-8CE9E1E1ADEA}
	EndGlobalSection
EndGlobal
